
Microsoft Visual Studio Solution File, Format Version 12.00
# Visual Studio Version 17
VisualStudioVersion = 17.11.35327.3
MinimumVisualStudioVersion = 10.0.40219.1
Project("{9A19103F-16F7-4668-BE54-9A1E7A4F7556}") = "Question1", "Question1\Question1.csproj", "{91D7DE60-AF7D-4F57-B0E2-7C72E50CCC28}"
EndProject
Project("{FAE04EC0-301F-11D3-BF4B-00C04F79EFBC}") = "Question2", "Question2\Question2.csproj", "{4B5FAC7B-37DE-49DA-A305-A89C4B61CE3C}"
EndProject
Global
	GlobalSection(SolutionConfigurationPlatforms) = preSolution
		Debug|Any CPU = Debug|Any CPU
		Release|Any CPU = Release|Any CPU
	EndGlobalSection
	GlobalSection(ProjectConfigurationPlatforms) = postSolution
		{91D7DE60-AF7D-4F57-B0E2-7C72E50CCC28}.Debug|Any CPU.ActiveCfg = Debug|Any CPU
		{91D7DE60-AF7D-4F57-B0E2-7C72E50CCC28}.Debug|Any CPU.Build.0 = Debug|Any CPU
		{91D7DE60-AF7D-4F57-B0E2-7C72E50CCC28}.Release|Any CPU.ActiveCfg = Release|Any CPU
		{91D7DE60-AF7D-4F57-B0E2-7C72E50CCC28}.Release|Any CPU.Build.0 = Release|Any CPU
		{4B5FAC7B-37DE-49DA-A305-A89C4B61CE3C}.Debug|Any CPU.ActiveCfg = Debug|Any CPU
		{4B5FAC7B-37DE-49DA-A305-A89C4B61CE3C}.Debug|Any CPU.Build.0 = Debug|Any CPU
		{4B5FAC7B-37DE-49DA-A305-A89C4B61CE3C}.Release|Any CPU.ActiveCfg = Release|Any CPU
		{4B5FAC7B-37DE-49DA-A305-A89C4B61CE3C}.Release|Any CPU.Build.0 = Release|Any CPU
	EndGlobalSection
	GlobalSection(SolutionProperties) = preSolution
		HideSolutionNode = FALSE
	EndGlobalSection
	GlobalSection(ExtensibilityGlobals) = postSolution
		SolutionGuid = {F435087E-E700-45FC-A152-BA41960F350C}
	EndGlobalSection
EndGlobal
